
Microsoft Visual Studio Solution File, Format Version 12.00
# Visual Studio Version 16
VisualStudioVersion = 16.0.30001.183
MinimumVisualStudioVersion = 10.0.40219.1
Project("{FAE04EC0-301F-11D3-BF4B-00C04F79EFBC}") = "LinFeng.Common", "LinFeng.Common.csproj", "{C2368780-C57A-4CF1-B675-C3C8F2B48AEF}"
EndProject
Global
	GlobalSection(SolutionConfigurationPlatforms) = preSolution
		Debug|Any CPU = Debug|Any CPU
		Release|Any CPU = Release|Any CPU
	EndGlobalSection
	GlobalSection(ProjectConfigurationPlatforms) = postSolution
		{C2368780-C57A-4CF1-B675-C3C8F2B48AEF}.Debug|Any CPU.ActiveCfg = Debug|Any CPU
		{C2368780-C57A-4CF1-B675-C3C8F2B48AEF}.Debug|Any CPU.Build.0 = Debug|Any CPU
		{C2368780-C57A-4CF1-B675-C3C8F2B48AEF}.Release|Any CPU.ActiveCfg = Release|Any CPU
		{C2368780-C57A-4CF1-B675-C3C8F2B48AEF}.Release|Any CPU.Build.0 = Release|Any CPU
	EndGlobalSection
	GlobalSection(SolutionProperties) = preSolution
		HideSolutionNode = FALSE
	EndGlobalSection
	GlobalSection(ExtensibilityGlobals) = postSolution
		SolutionGuid = {AC9E52D4-595C-414D-AEFC-2DDDE3F643F2}
	EndGlobalSection
EndGlobal
